
Microsoft Visual Studio Solution File, Format Version 12.00
# Visual Studio Version 17
VisualStudioVersion = 17.5.33530.505
MinimumVisualStudioVersion = 10.0.40219.1
Project("{FAE04EC0-301F-11D3-BF4B-00C04F79EFBC}") = "JobFinder", "JobFinder\JobFinder.csproj", "{BB155275-12E7-4EFA-99F4-99EC154E8CA9}"
EndProject
Project("{FAE04EC0-301F-11D3-BF4B-00C04F79EFBC}") = "JobFinder.Application", "JobFinder.Application\JobFinder.Application.csproj", "{95769CE9-5DE2-4EEB-BDD8-34CDF57E5A4A}"
EndProject
Project("{FAE04EC0-301F-11D3-BF4B-00C04F79EFBC}") = "JobFinder.Domain", "JobFinder.Domain\JobFinder.Domain.csproj", "{CC2C468C-F825-49C1-A3CA-5876F6A17283}"
EndProject
Project("{FAE04EC0-301F-11D3-BF4B-00C04F79EFBC}") = "JobFinder.Infrastructure", "JobFinder.Infrastructure\JobFinder.Infrastructure.csproj", "{6C41D27D-DB43-40BC-937A-BD1AD810CD4F}"
EndProject
Project("{FAE04EC0-301F-11D3-BF4B-00C04F79EFBC}") = "JobFinder.Shared", "JobFinder.Shared\JobFinder.Shared.csproj", "{A5BA85F0-6902-4FCB-8D90-E644AEEB3891}"
EndProject
Global
	GlobalSection(SolutionConfigurationPlatforms) = preSolution
		Debug|Any CPU = Debug|Any CPU
		Release|Any CPU = Release|Any CPU
	EndGlobalSection
	GlobalSection(ProjectConfigurationPlatforms) = postSolution
		{BB155275-12E7-4EFA-99F4-99EC154E8CA9}.Debug|Any CPU.ActiveCfg = Debug|Any CPU
		{BB155275-12E7-4EFA-99F4-99EC154E8CA9}.Debug|Any CPU.Build.0 = Debug|Any CPU
		{BB155275-12E7-4EFA-99F4-99EC154E8CA9}.Release|Any CPU.ActiveCfg = Release|Any CPU
		{BB155275-12E7-4EFA-99F4-99EC154E8CA9}.Release|Any CPU.Build.0 = Release|Any CPU
		{95769CE9-5DE2-4EEB-BDD8-34CDF57E5A4A}.Debug|Any CPU.ActiveCfg = Debug|Any CPU
		{95769CE9-5DE2-4EEB-BDD8-34CDF57E5A4A}.Debug|Any CPU.Build.0 = Debug|Any CPU
		{95769CE9-5DE2-4EEB-BDD8-34CDF57E5A4A}.Release|Any CPU.ActiveCfg = Release|Any CPU
		{95769CE9-5DE2-4EEB-BDD8-34CDF57E5A4A}.Release|Any CPU.Build.0 = Release|Any CPU
		{CC2C468C-F825-49C1-A3CA-5876F6A17283}.Debug|Any CPU.ActiveCfg = Debug|Any CPU
		{CC2C468C-F825-49C1-A3CA-5876F6A17283}.Debug|Any CPU.Build.0 = Debug|Any CPU
		{CC2C468C-F825-49C1-A3CA-5876F6A17283}.Release|Any CPU.ActiveCfg = Release|Any CPU
		{CC2C468C-F825-49C1-A3CA-5876F6A17283}.Release|Any CPU.Build.0 = Release|Any CPU
		{6C41D27D-DB43-40BC-937A-BD1AD810CD4F}.Debug|Any CPU.ActiveCfg = Debug|Any CPU
		{6C41D27D-DB43-40BC-937A-BD1AD810CD4F}.Debug|Any CPU.Build.0 = Debug|Any CPU
		{6C41D27D-DB43-40BC-937A-BD1AD810CD4F}.Release|Any CPU.ActiveCfg = Release|Any CPU
		{6C41D27D-DB43-40BC-937A-BD1AD810CD4F}.Release|Any CPU.Build.0 = Release|Any CPU
		{A5BA85F0-6902-4FCB-8D90-E644AEEB3891}.Debug|Any CPU.ActiveCfg = Debug|Any CPU
		{A5BA85F0-6902-4FCB-8D90-E644AEEB3891}.Debug|Any CPU.Build.0 = Debug|Any CPU
		{A5BA85F0-6902-4FCB-8D90-E644AEEB3891}.Release|Any CPU.ActiveCfg = Release|Any CPU
		{A5BA85F0-6902-4FCB-8D90-E644AEEB3891}.Release|Any CPU.Build.0 = Release|Any CPU
	EndGlobalSection
	GlobalSection(SolutionProperties) = preSolution
		HideSolutionNode = FALSE
	EndGlobalSection
	GlobalSection(ExtensibilityGlobals) = postSolution
		SolutionGuid = {C4D0DC5C-5430-4452-92D8-4244C7FE6341}
	EndGlobalSection
EndGlobal
